
Microsoft Visual Studio Solution File, Format Version 12.00
# Visual Studio 15
VisualStudioVersion = 15.0.27130.2020
MinimumVisualStudioVersion = 10.0.40219.1
Project("{FAE04EC0-301F-11D3-BF4B-00C04F79EFBC}") = "Group Picker", "Group Picker\Group Picker.csproj", "{2EF9D24D-45DB-4DA8-B243-21F282BCDA12}"
EndProject
Global
	GlobalSection(SolutionConfigurationPlatforms) = preSolution
		Debug|Any CPU = Debug|Any CPU
		Release|Any CPU = Release|Any CPU
	EndGlobalSection
	GlobalSection(ProjectConfigurationPlatforms) = postSolution
		{2EF9D24D-45DB-4DA8-B243-21F282BCDA12}.Debug|Any CPU.ActiveCfg = Debug|Any CPU
		{2EF9D24D-45DB-4DA8-B243-21F282BCDA12}.Debug|Any CPU.Build.0 = Debug|Any CPU
		{2EF9D24D-45DB-4DA8-B243-21F282BCDA12}.Release|Any CPU.ActiveCfg = Release|Any CPU
		{2EF9D24D-45DB-4DA8-B243-21F282BCDA12}.Release|Any CPU.Build.0 = Release|Any CPU
	EndGlobalSection
	GlobalSection(SolutionProperties) = preSolution
		HideSolutionNode = FALSE
	EndGlobalSection
	GlobalSection(ExtensibilityGlobals) = postSolution
		SolutionGuid = {517EAF00-5C02-4F83-948C-3B08B575B008}
	EndGlobalSection
EndGlobal
